// !$*UTF8*$!
{
	archiveVersion = 1;
	classes = {
	};
	objectVersion = 46;
	objects = {

/* Begin PBXBuildFile section */
		92138FB119DECFDD00EA2741 /* dummy.mm in Sources */ = {isa = PBXBuildFile; fileRef = 92138FB019DECFDD00EA2741 /* dummy.mm */; };
		92138FB319DED13500EA2741 /* AVFoundation.framework in Frameworks */ = {isa = PBXBuildFile; fileRef = 92138FB219DED13500EA2741 /* AVFoundation.framework */; };
		92138FB519DED13C00EA2741 /* UIKit.framework in Frameworks */ = {isa = PBXBuildFile; fileRef = 92138FB419DED13C00EA2741 /* UIKit.framework */; };
		92138FB719DED14200EA2741 /* CoreGraphics.framework in Frameworks */ = {isa = PBXBuildFile; fileRef = 92138FB619DED14200EA2741 /* CoreGraphics.framework */; };
		92138FB919DED14900EA2741 /* CoreMedia.framework in Frameworks */ = {isa = PBXBuildFile; fileRef = 92138FB819DED14900EA2741 /* CoreMedia.framework */; };
		92138FBB19DED15000EA2741 /* CoreVideo.framework in Frameworks */ = {isa = PBXBuildFile; fileRef = 92138FBA19DED15000EA2741 /* CoreVideo.framework */; };
		92138FBD19DED15600EA2741 /* QuartzCore.framework in Frameworks */ = {isa = PBXBuildFile; fileRef = 92138FBC19DED15600EA2741 /* QuartzCore.framework */; };
		92138FBF19DED15E00EA2741 /* AssetsLibrary.framework in Frameworks */ = {isa = PBXBuildFile; fileRef = 92138FBE19DED15E00EA2741 /* AssetsLibrary.framework */; };
		92138FC019DED16700EA2741 /* GPImageRecognitionEngine.framework in Frameworks */ = {isa = PBXBuildFile; fileRef = 92750EBC19DE657E00856255 /* GPImageRecognitionEngine.framework */; };
		92138FC119DED17200EA2741 /* opencv2.framework in Frameworks */ = {isa = PBXBuildFile; fileRef = 92750EAF19DE510600856255 /* opencv2.framework */; };
		92138FC719DED23600EA2741 /* lenna.png in Resources */ = {isa = PBXBuildFile; fileRef = 92138FC319DED23600EA2741 /* lenna.png */; };
		92138FC819DED23600EA2741 /* paris.jpg in Resources */ = {isa = PBXBuildFile; fileRef = 92138FC419DED23600EA2741 /* paris.jpg */; };
		92138FC919DED23600EA2741 /* sawai.png in Resources */ = {isa = PBXBuildFile; fileRef = 92138FC519DED23600EA2741 /* sawai.png */; };
		92138FCA19DED23600EA2741 /* scene.jpg in Resources */ = {isa = PBXBuildFile; fileRef = 92138FC619DED23600EA2741 /* scene.jpg */; };
		92138FCC19DED24C00EA2741 /* apple.jpg in Resources */ = {isa = PBXBuildFile; fileRef = 92138FCB19DED24C00EA2741 /* apple.jpg */; };
		92750E9019DE50EC00856255 /* AppDelegate.swift in Sources */ = {isa = PBXBuildFile; fileRef = 92750E8F19DE50EC00856255 /* AppDelegate.swift */; };
		92750E9219DE50EC00856255 /* ViewController.swift in Sources */ = {isa = PBXBuildFile; fileRef = 92750E9119DE50EC00856255 /* ViewController.swift */; };
		92750E9519DE50EC00856255 /* Main.storyboard in Resources */ = {isa = PBXBuildFile; fileRef = 92750E9319DE50EC00856255 /* Main.storyboard */; };
		92750E9719DE50EC00856255 /* Images.xcassets in Resources */ = {isa = PBXBuildFile; fileRef = 92750E9619DE50EC00856255 /* Images.xcassets */; };
		92750E9A19DE50EC00856255 /* LaunchScreen.xib in Resources */ = {isa = PBXBuildFile; fileRef = 92750E9819DE50EC00856255 /* LaunchScreen.xib */; };
		92750EA619DE50EC00856255 /* imageRecogSwiftTests.swift in Sources */ = {isa = PBXBuildFile; fileRef = 92750EA519DE50EC00856255 /* imageRecogSwiftTests.swift */; };
/* End PBXBuildFile section */

/* Begin PBXContainerItemProxy section */
		92750EA019DE50EC00856255 /* PBXContainerItemProxy */ = {
			isa = PBXContainerItemProxy;
			containerPortal = 92750E8219DE50EC00856255 /* Project object */;
			proxyType = 1;
			remoteGlobalIDString = 92750E8919DE50EC00856255;
			remoteInfo = imageRecogSwift;
		};
/* End PBXContainerItemProxy section */

/* Begin PBXFileReference section */
		92138FB019DECFDD00EA2741 /* dummy.mm */ = {isa = PBXFileReference; fileEncoding = 4; lastKnownFileType = sourcecode.cpp.objcpp; path = dummy.mm; sourceTree = "<group>"; };
		92138FB219DED13500EA2741 /* AVFoundation.framework */ = {isa = PBXFileReference; lastKnownFileType = wrapper.framework; name = AVFoundation.framework; path = System/Library/Frameworks/AVFoundation.framework; sourceTree = SDKROOT; };
		92138FB419DED13C00EA2741 /* UIKit.framework */ = {isa = PBXFileReference; lastKnownFileType = wrapper.framework; name = UIKit.framework; path = System/Library/Frameworks/UIKit.framework; sourceTree = SDKROOT; };
		92138FB619DED14200EA2741 /* CoreGraphics.framework */ = {isa = PBXFileReference; lastKnownFileType = wrapper.framework; name = CoreGraphics.framework; path = System/Library/Frameworks/CoreGraphics.framework; sourceTree = SDKROOT; };
		92138FB819DED14900EA2741 /* CoreMedia.framework */ = {isa = PBXFileReference; lastKnownFileType = wrapper.framework; name = CoreMedia.framework; path = System/Library/Frameworks/CoreMedia.framework; sourceTree = SDKROOT; };
		92138FBA19DED15000EA2741 /* CoreVideo.framework */ = {isa = PBXFileReference; lastKnownFileType = wrapper.framework; name = CoreVideo.framework; path = System/Library/Frameworks/CoreVideo.framework; sourceTree = SDKROOT; };
		92138FBC19DED15600EA2741 /* QuartzCore.framework */ = {isa = PBXFileReference; lastKnownFileType = wrapper.framework; name = QuartzCore.framework; path = System/Library/Frameworks/QuartzCore.framework; sourceTree = SDKROOT; };
		92138FBE19DED15E00EA2741 /* AssetsLibrary.framework */ = {isa = PBXFileReference; lastKnownFileType = wrapper.framework; name = AssetsLibrary.framework; path = System/Library/Frameworks/AssetsLibrary.framework; sourceTree = SDKROOT; };
		92138FC319DED23600EA2741 /* lenna.png */ = {isa = PBXFileReference; lastKnownFileType = image.png; path = lenna.png; sourceTree = "<group>"; };
		92138FC419DED23600EA2741 /* paris.jpg */ = {isa = PBXFileReference; lastKnownFileType = image.jpeg; path = paris.jpg; sourceTree = "<group>"; };
		92138FC519DED23600EA2741 /* sawai.png */ = {isa = PBXFileReference; lastKnownFileType = image.png; path = sawai.png; sourceTree = "<group>"; };
		92138FC619DED23600EA2741 /* scene.jpg */ = {isa = PBXFileReference; lastKnownFileType = image.jpeg; path = scene.jpg; sourceTree = "<group>"; };
		92138FCB19DED24C00EA2741 /* apple.jpg */ = {isa = PBXFileReference; lastKnownFileType = image.jpeg; path = apple.jpg; sourceTree = "<group>"; };
		92750E8A19DE50EC00856255 /* imageRecogSwift.app */ = {isa = PBXFileReference; explicitFileType = wrapper.application; includeInIndex = 0; path = imageRecogSwift.app; sourceTree = BUILT_PRODUCTS_DIR; };
		92750E8E19DE50EC00856255 /* Info.plist */ = {isa = PBXFileReference; lastKnownFileType = text.plist.xml; path = Info.plist; sourceTree = "<group>"; };
		92750E8F19DE50EC00856255 /* AppDelegate.swift */ = {isa = PBXFileReference; lastKnownFileType = sourcecode.swift; path = AppDelegate.swift; sourceTree = "<group>"; };
		92750E9119DE50EC00856255 /* ViewController.swift */ = {isa = PBXFileReference; lastKnownFileType = sourcecode.swift; path = ViewController.swift; sourceTree = "<group>"; };
		92750E9419DE50EC00856255 /* Base */ = {isa = PBXFileReference; lastKnownFileType = file.storyboard; name = Base; path = Base.lproj/Main.storyboard; sourceTree = "<group>"; };
		92750E9619DE50EC00856255 /* Images.xcassets */ = {isa = PBXFileReference; lastKnownFileType = folder.assetcatalog; path = Images.xcassets; sourceTree = "<group>"; };
		92750E9919DE50EC00856255 /* Base */ = {isa = PBXFileReference; lastKnownFileType = file.xib; name = Base; path = Base.lproj/LaunchScreen.xib; sourceTree = "<group>"; };
		92750E9F19DE50EC00856255 /* imageRecogSwiftTests.xctest */ = {isa = PBXFileReference; explicitFileType = wrapper.cfbundle; includeInIndex = 0; path = imageRecogSwiftTests.xctest; sourceTree = BUILT_PRODUCTS_DIR; };
		92750EA419DE50EC00856255 /* Info.plist */ = {isa = PBXFileReference; lastKnownFileType = text.plist.xml; path = Info.plist; sourceTree = "<group>"; };
		92750EA519DE50EC00856255 /* imageRecogSwiftTests.swift */ = {isa = PBXFileReference; lastKnownFileType = sourcecode.swift; path = imageRecogSwiftTests.swift; sourceTree = "<group>"; };
		92750EAF19DE510600856255 /* opencv2.framework */ = {isa = PBXFileReference; lastKnownFileType = wrapper.framework; name = opencv2.framework; path = ../opencv/opencv2_4_5/opencv2.framework; sourceTree = "<group>"; };
		92750EB919DE5E7300856255 /* imageRecogSwift-Bridging-Header.h */ = {isa = PBXFileReference; lastKnownFileType = sourcecode.c.h; path = "imageRecogSwift-Bridging-Header.h"; sourceTree = "<group>"; };
		92750EBC19DE657E00856255 /* GPImageRecognitionEngine.framework */ = {isa = PBXFileReference; lastKnownFileType = wrapper.framework; name = GPImageRecognitionEngine.framework; path = ../GPEngineRecognitionEngine/GPImageRecognitionEngine.framework; sourceTree = "<group>"; };
/* End PBXFileReference section */

/* Begin PBXFrameworksBuildPhase section */
		92750E8719DE50EC00856255 /* Frameworks */ = {
			isa = PBXFrameworksBuildPhase;
			buildActionMask = 2147483647;
			files = (
				92138FC119DED17200EA2741 /* opencv2.framework in Frameworks */,
				92138FC019DED16700EA2741 /* GPImageRecognitionEngine.framework in Frameworks */,
				92138FBF19DED15E00EA2741 /* AssetsLibrary.framework in Frameworks */,
				92138FBD19DED15600EA2741 /* QuartzCore.framework in Frameworks */,
				92138FBB19DED15000EA2741 /* CoreVideo.framework in Frameworks */,
				92138FB919DED14900EA2741 /* CoreMedia.framework in Frameworks */,
				92138FB719DED14200EA2741 /* CoreGraphics.framework in Frameworks */,
				92138FB519DED13C00EA2741 /* UIKit.framework in Frameworks */,
				92138FB319DED13500EA2741 /* AVFoundation.framework in Frameworks */,
			);
			runOnlyForDeploymentPostprocessing = 0;
		};
		92750E9C19DE50EC00856255 /* Frameworks */ = {
			isa = PBXFrameworksBuildPhase;
			buildActionMask = 2147483647;
			files = (
			);
			runOnlyForDeploymentPostprocessing = 0;
		};
/* End PBXFrameworksBuildPhase section */

/* Begin PBXGroup section */
		92138FC219DED21300EA2741 /* image */ = {
			isa = PBXGroup;
			children = (
				92138FCB19DED24C00EA2741 /* apple.jpg */,
				92138FC319DED23600EA2741 /* lenna.png */,
				92138FC419DED23600EA2741 /* paris.jpg */,
				92138FC519DED23600EA2741 /* sawai.png */,
				92138FC619DED23600EA2741 /* scene.jpg */,
			);
			name = image;
			sourceTree = "<group>";
		};
		92138FCD19DED6DE00EA2741 /* Resources */ = {
			isa = PBXGroup;
			children = (
			);
			name = Resources;
			sourceTree = "<group>";
		};
		92750E8119DE50EC00856255 = {
			isa = PBXGroup;
			children = (
				92138FCD19DED6DE00EA2741 /* Resources */,
				92138FC219DED21300EA2741 /* image */,
				92138FBE19DED15E00EA2741 /* AssetsLibrary.framework */,
				92138FBC19DED15600EA2741 /* QuartzCore.framework */,
				92138FBA19DED15000EA2741 /* CoreVideo.framework */,
				92138FB819DED14900EA2741 /* CoreMedia.framework */,
				92138FB619DED14200EA2741 /* CoreGraphics.framework */,
				92138FB419DED13C00EA2741 /* UIKit.framework */,
				92138FB219DED13500EA2741 /* AVFoundation.framework */,
				92750EBF19DE903000856255 /* Resources */,
				92750EBC19DE657E00856255 /* GPImageRecognitionEngine.framework */,
				92750EAF19DE510600856255 /* opencv2.framework */,
				92750E8C19DE50EC00856255 /* imageRecogSwift */,
				92750EA219DE50EC00856255 /* imageRecogSwiftTests */,
				92750E8B19DE50EC00856255 /* Products */,
				92750EB919DE5E7300856255 /* imageRecogSwift-Bridging-Header.h */,
			);
			sourceTree = "<group>";
		};
		92750E8B19DE50EC00856255 /* Products */ = {
			isa = PBXGroup;
			children = (
				92750E8A19DE50EC00856255 /* imageRecogSwift.app */,
				92750E9F19DE50EC00856255 /* imageRecogSwiftTests.xctest */,
			);
			name = Products;
			sourceTree = "<group>";
		};
		92750E8C19DE50EC00856255 /* imageRecogSwift */ = {
			isa = PBXGroup;
			children = (
				92750E8F19DE50EC00856255 /* AppDelegate.swift */,
				92750E9119DE50EC00856255 /* ViewController.swift */,
				92750E9319DE50EC00856255 /* Main.storyboard */,
				92750E9619DE50EC00856255 /* Images.xcassets */,
				92750E9819DE50EC00856255 /* LaunchScreen.xib */,
				92750E8D19DE50EC00856255 /* Supporting Files */,
				92138FB019DECFDD00EA2741 /* dummy.mm */,
			);
			path = imageRecogSwift;
			sourceTree = "<group>";
		};
		92750E8D19DE50EC00856255 /* Supporting Files */ = {
			isa = PBXGroup;
			children = (
				92750E8E19DE50EC00856255 /* Info.plist */,
			);
			name = "Supporting Files";
			sourceTree = "<group>";
		};
		92750EA219DE50EC00856255 /* imageRecogSwiftTests */ = {
			isa = PBXGroup;
			children = (
				92750EA519DE50EC00856255 /* imageRecogSwiftTests.swift */,
				92750EA319DE50EC00856255 /* Supporting Files */,
			);
			path = imageRecogSwiftTests;
			sourceTree = "<group>";
		};
		92750EA319DE50EC00856255 /* Supporting Files */ = {
			isa = PBXGroup;
			children = (
				92750EA419DE50EC00856255 /* Info.plist */,
			);
			name = "Supporting Files";
			sourceTree = "<group>";
		};
		92750EBF19DE903000856255 /* Resources */ = {
			isa = PBXGroup;
			children = (
			);
			name = Resources;
			sourceTree = "<group>";
		};
/* End PBXGroup section */

/* Begin PBXNativeTarget section */
		92750E8919DE50EC00856255 /* imageRecogSwift */ = {
			isa = PBXNativeTarget;
			buildConfigurationList = 92750EA919DE50EC00856255 /* Build configuration list for PBXNativeTarget "imageRecogSwift" */;
			buildPhases = (
				92750E8619DE50EC00856255 /* Sources */,
				92750E8719DE50EC00856255 /* Frameworks */,
				92750E8819DE50EC00856255 /* Resources */,
			);
			buildRules = (
			);
			dependencies = (
			);
			name = imageRecogSwift;
			productName = imageRecogSwift;
			productReference = 92750E8A19DE50EC00856255 /* imageRecogSwift.app */;
			productType = "com.apple.product-type.application";
		};
		92750E9E19DE50EC00856255 /* imageRecogSwiftTests */ = {
			isa = PBXNativeTarget;
			buildConfigurationList = 92750EAC19DE50EC00856255 /* Build configuration list for PBXNativeTarget "imageRecogSwiftTests" */;
			buildPhases = (
				92750E9B19DE50EC00856255 /* Sources */,
				92750E9C19DE50EC00856255 /* Frameworks */,
				92750E9D19DE50EC00856255 /* Resources */,
			);
			buildRules = (
			);
			dependencies = (
				92750EA119DE50EC00856255 /* PBXTargetDependency */,
			);
			name = imageRecogSwiftTests;
			productName = imageRecogSwiftTests;
			productReference = 92750E9F19DE50EC00856255 /* imageRecogSwiftTests.xctest */;
			productType = "com.apple.product-type.bundle.unit-test";
		};
/* End PBXNativeTarget section */

/* Begin PBXProject section */
		92750E8219DE50EC00856255 /* Project object */ = {
			isa = PBXProject;
			attributes = {
				LastUpgradeCheck = 0600;
				ORGANIZATIONNAME = "山下　寛人";
				TargetAttributes = {
					92750E8919DE50EC00856255 = {
						CreatedOnToolsVersion = 6.0.1;
					};
					92750E9E19DE50EC00856255 = {
						CreatedOnToolsVersion = 6.0.1;
						TestTargetID = 92750E8919DE50EC00856255;
					};
				};
			};
			buildConfigurationList = 92750E8519DE50EC00856255 /* Build configuration list for PBXProject "imageRecogSwift" */;
			compatibilityVersion = "Xcode 3.2";
			developmentRegion = English;
			hasScannedForEncodings = 0;
			knownRegions = (
				en,
				Base,
			);
			mainGroup = 92750E8119DE50EC00856255;
			productRefGroup = 92750E8B19DE50EC00856255 /* Products */;
			projectDirPath = "";
			projectRoot = "";
			targets = (
				92750E8919DE50EC00856255 /* imageRecogSwift */,
				92750E9E19DE50EC00856255 /* imageRecogSwiftTests */,
			);
		};
/* End PBXProject section */

/* Begin PBXResourcesBuildPhase section */
		92750E8819DE50EC00856255 /* Resources */ = {
			isa = PBXResourcesBuildPhase;
			buildActionMask = 2147483647;
			files = (
				92750E9519DE50EC00856255 /* Main.storyboard in Resources */,
				92750E9A19DE50EC00856255 /* LaunchScreen.xib in Resources */,
				92138FC919DED23600EA2741 /* sawai.png in Resources */,
				92138FCC19DED24C00EA2741 /* apple.jpg in Resources */,
				92138FC719DED23600EA2741 /* lenna.png in Resources */,
				92750E9719DE50EC00856255 /* Images.xcassets in Resources */,
				92138FCA19DED23600EA2741 /* scene.jpg in Resources */,
				92138FC819DED23600EA2741 /* paris.jpg in Resources */,
			);
			runOnlyForDeploymentPostprocessing = 0;
		};
		92750E9D19DE50EC00856255 /* Resources */ = {
			isa = PBXResourcesBuildPhase;
			buildActionMask = 2147483647;
			files = (
			);
			runOnlyForDeploymentPostprocessing = 0;
		};
/* End PBXResourcesBuildPhase section */

/* Begin PBXSourcesBuildPhase section */
		92750E8619DE50EC00856255 /* Sources */ = {
			isa = PBXSourcesBuildPhase;
			buildActionMask = 2147483647;
			files = (
				92138FB119DECFDD00EA2741 /* dummy.mm in Sources */,
				92750E9219DE50EC00856255 /* ViewController.swift in Sources */,
				92750E9019DE50EC00856255 /* AppDelegate.swift in Sources */,
			);
			runOnlyForDeploymentPostprocessing = 0;
		};
		92750E9B19DE50EC00856255 /* Sources */ = {
			isa = PBXSourcesBuildPhase;
			buildActionMask = 2147483647;
			files = (
				92750EA619DE50EC00856255 /* imageRecogSwiftTests.swift in Sources */,
			);
			runOnlyForDeploymentPostprocessing = 0;
		};
/* End PBXSourcesBuildPhase section */

/* Begin PBXTargetDependency section */
		92750EA119DE50EC00856255 /* PBXTargetDependency */ = {
			isa = PBXTargetDependency;
			target = 92750E8919DE50EC00856255 /* imageRecogSwift */;
			targetProxy = 92750EA019DE50EC00856255 /* PBXContainerItemProxy */;
		};
/* End PBXTargetDependency section */

/* Begin PBXVariantGroup section */
		92750E9319DE50EC00856255 /* Main.storyboard */ = {
			isa = PBXVariantGroup;
			children = (
				92750E9419DE50EC00856255 /* Base */,
			);
			name = Main.storyboard;
			sourceTree = "<group>";
		};
		92750E9819DE50EC00856255 /* LaunchScreen.xib */ = {
			isa = PBXVariantGroup;
			children = (
				92750E9919DE50EC00856255 /* Base */,
			);
			name = LaunchScreen.xib;
			sourceTree = "<group>";
		};
/* End PBXVariantGroup section */

/* Begin XCBuildConfiguration section */
		92750EA719DE50EC00856255 /* Debug */ = {
			isa = XCBuildConfiguration;
			buildSettings = {
				ALWAYS_SEARCH_USER_PATHS = NO;
				CLANG_CXX_LANGUAGE_STANDARD = "gnu++0x";
				CLANG_CXX_LIBRARY = "libc++";
				CLANG_ENABLE_MODULES = YES;
				CLANG_ENABLE_OBJC_ARC = YES;
				CLANG_WARN_BOOL_CONVERSION = YES;
				CLANG_WARN_CONSTANT_CONVERSION = YES;
				CLANG_WARN_DIRECT_OBJC_ISA_USAGE = YES_ERROR;
				CLANG_WARN_EMPTY_BODY = YES;
				CLANG_WARN_ENUM_CONVERSION = YES;
				CLANG_WARN_INT_CONVERSION = YES;
				CLANG_WARN_OBJC_ROOT_CLASS = YES_ERROR;
				CLANG_WARN_UNREACHABLE_CODE = YES;
				CLANG_WARN__DUPLICATE_METHOD_MATCH = YES;
				"CODE_SIGN_IDENTITY[sdk=iphoneos*]" = "iPhone Developer";
				COPY_PHASE_STRIP = NO;
				ENABLE_STRICT_OBJC_MSGSEND = YES;
				GCC_C_LANGUAGE_STANDARD = gnu99;
				GCC_DYNAMIC_NO_PIC = NO;
				GCC_OPTIMIZATION_LEVEL = 0;
				GCC_PREPROCESSOR_DEFINITIONS = (
					"DEBUG=1",
					"$(inherited)",
				);
				GCC_SYMBOLS_PRIVATE_EXTERN = NO;
				GCC_WARN_64_TO_32_BIT_CONVERSION = YES;
				GCC_WARN_ABOUT_RETURN_TYPE = YES_ERROR;
				GCC_WARN_UNDECLARED_SELECTOR = YES;
				GCC_WARN_UNINITIALIZED_AUTOS = YES_AGGRESSIVE;
				GCC_WARN_UNUSED_FUNCTION = YES;
				GCC_WARN_UNUSED_VARIABLE = YES;
				IPHONEOS_DEPLOYMENT_TARGET = 8.0;
				MTL_ENABLE_DEBUG_INFO = YES;
				ONLY_ACTIVE_ARCH = YES;
				SDKROOT = iphoneos;
				SWIFT_OPTIMIZATION_LEVEL = "-Onone";
			};
			name = Debug;
		};
		92750EA819DE50EC00856255 /* Release */ = {
			isa = XCBuildConfiguration;
			buildSettings = {
				ALWAYS_SEARCH_USER_PATHS = NO;
				CLANG_CXX_LANGUAGE_STANDARD = "gnu++0x";
				CLANG_CXX_LIBRARY = "libc++";
				CLANG_ENABLE_MODULES = YES;
				CLANG_ENABLE_OBJC_ARC = YES;
				CLANG_WARN_BOOL_CONVERSION = YES;
				CLANG_WARN_CONSTANT_CONVERSION = YES;
				CLANG_WARN_DIRECT_OBJC_ISA_USAGE = YES_ERROR;
				CLANG_WARN_EMPTY_BODY = YES;
				CLANG_WARN_ENUM_CONVERSION = YES;
				CLANG_WARN_INT_CONVERSION = YES;
				CLANG_WARN_OBJC_ROOT_CLASS = YES_ERROR;
				CLANG_WARN_UNREACHABLE_CODE = YES;
				CLANG_WARN__DUPLICATE_METHOD_MATCH = YES;
				"CODE_SIGN_IDENTITY[sdk=iphoneos*]" = "iPhone Developer";
				COPY_PHASE_STRIP = YES;
				ENABLE_NS_ASSERTIONS = NO;
				ENABLE_STRICT_OBJC_MSGSEND = YES;
				GCC_C_LANGUAGE_STANDARD = gnu99;
				GCC_WARN_64_TO_32_BIT_CONVERSION = YES;
				GCC_WARN_ABOUT_RETURN_TYPE = YES_ERROR;
				GCC_WARN_UNDECLARED_SELECTOR = YES;
				GCC_WARN_UNINITIALIZED_AUTOS = YES_AGGRESSIVE;
				GCC_WARN_UNUSED_FUNCTION = YES;
				GCC_WARN_UNUSED_VARIABLE = YES;
				IPHONEOS_DEPLOYMENT_TARGET = 8.0;
				MTL_ENABLE_DEBUG_INFO = NO;
				SDKROOT = iphoneos;
				VALIDATE_PRODUCT = YES;
			};
			name = Release;
		};
		92750EAA19DE50EC00856255 /* Debug */ = {
			isa = XCBuildConfiguration;
			buildSettings = {
				ASSETCATALOG_COMPILER_APPICON_NAME = AppIcon;
				CLANG_ALLOW_NON_MODULAR_INCLUDES_IN_FRAMEWORK_MODULES = NO;
				CLANG_ENABLE_MODULES = NO;
				FRAMEWORK_SEARCH_PATHS = (
					"$(inherited)",
					"/Users/h-yamashita/Documents/proto/opencv/opencv2_4_5",
					"/Users/h-yamashita/Documents/proto/GPEngineRecognitionEngine",
				);
				INFOPLIST_FILE = imageRecogSwift/Info.plist;
				IPHONEOS_DEPLOYMENT_TARGET = 7.0;
				LD_RUNPATH_SEARCH_PATHS = "$(inherited) @executable_path/Frameworks";
				ONLY_ACTIVE_ARCH = NO;
				OTHER_LDFLAGS = "-ObjC";
				PRODUCT_NAME = "$(TARGET_NAME)";
				SWIFT_OBJC_BRIDGING_HEADER = "imageRecogSwift-Bridging-Header.h";
				SWIFT_OPTIMIZATION_LEVEL = "-Onone";
				VALID_ARCHS = "armv7 armv7s";
			};
			name = Debug;
		};
		92750EAB19DE50EC00856255 /* Release */ = {
			isa = XCBuildConfiguration;
			buildSettings = {
				ASSETCATALOG_COMPILER_APPICON_NAME = AppIcon;
				CLANG_ALLOW_NON_MODULAR_INCLUDES_IN_FRAMEWORK_MODULES = NO;
				CLANG_ENABLE_MODULES = NO;
				FRAMEWORK_SEARCH_PATHS = (
					"$(inherited)",
					"/Users/h-yamashita/Documents/proto/opencv/opencv2_4_5",
					"/Users/h-yamashita/Documents/proto/GPEngineRecognitionEngine",
				);
				INFOPLIST_FILE = imageRecogSwift/Info.plist;
				IPHONEOS_DEPLOYMENT_TARGET = 7.0;
				LD_RUNPATH_SEARCH_PATHS = "$(inherited) @executable_path/Frameworks";
				OTHER_LDFLAGS = "-ObjC";
				PRODUCT_NAME = "$(TARGET_NAME)";
				SWIFT_OBJC_BRIDGING_HEADER = "imageRecogSwift-Bridging-Header.h";
				VALID_ARCHS = "armv7 armv7s";
			};
			name = Release;
		};
		92750EAD19DE50EC00856255 /* Debug */ = {
			isa = XCBuildConfiguration;
			buildSettings = {
				BUNDLE_LOADER = "$(TEST_HOST)";
				FRAMEWORK_SEARCH_PATHS = (
					"$(SDKROOT)/Developer/Library/Frameworks",
					"$(inherited)",
				);
				GCC_PREPROCESSOR_DEFINITIONS = (
					"DEBUG=1",
					"$(inherited)",
				);
				INFOPLIST_FILE = imageRecogSwiftTests/Info.plist;
				LD_RUNPATH_SEARCH_PATHS = "$(inherited) @executable_path/Frameworks @loader_path/Frameworks";
				PRODUCT_NAME = "$(TARGET_NAME)";
				TEST_HOST = "$(BUILT_PRODUCTS_DIR)/imageRecogSwift.app/imageRecogSwift";
			};
			name = Debug;
		};
		92750EAE19DE50EC00856255 /* Release */ = {
			isa = XCBuildConfiguration;
			buildSettings = {
				BUNDLE_LOADER = "$(TEST_HOST)";
				FRAMEWORK_SEARCH_PATHS = (
					"$(SDKROOT)/Developer/Library/Frameworks",
					"$(inherited)",
				);
				INFOPLIST_FILE = imageRecogSwiftTests/Info.plist;
				LD_RUNPATH_SEARCH_PATHS = "$(inherited) @executable_path/Frameworks @loader_path/Frameworks";
				PRODUCT_NAME = "$(TARGET_NAME)";
				TEST_HOST = "$(BUILT_PRODUCTS_DIR)/imageRecogSwift.app/imageRecogSwift";
			};
			name = Release;
		};
/* End XCBuildConfiguration section */

/* Begin XCConfigurationList section */
		92750E8519DE50EC00856255 /* Build configuration list for PBXProject "imageRecogSwift" */ = {
			isa = XCConfigurationList;
			buildConfigurations = (
				92750EA719DE50EC00856255 /* Debug */,
				92750EA819DE50EC00856255 /* Release */,
			);
			defaultConfigurationIsVisible = 0;
			defaultConfigurationName = Release;
		};
		92750EA919DE50EC00856255 /* Build configuration list for PBXNativeTarget "imageRecogSwift" */ = {
			isa = XCConfigurationList;
			buildConfigurations = (
				92750EAA19DE50EC00856255 /* Debug */,
				92750EAB19DE50EC00856255 /* Release */,
			);
			defaultConfigurationIsVisible = 0;
			defaultConfigurationName = Release;
		};
		92750EAC19DE50EC00856255 /* Build configuration list for PBXNativeTarget "imageRecogSwiftTests" */ = {
			isa = XCConfigurationList;
			buildConfigurations = (
				92750EAD19DE50EC00856255 /* Debug */,
				92750EAE19DE50EC00856255 /* Release */,
			);
			defaultConfigurationIsVisible = 0;
			defaultConfigurationName = Release;
		};
/* End XCConfigurationList section */
	};
	rootObject = 92750E8219DE50EC00856255 /* Project object */;
}
